# This file is automatically @generated by Wally.
# It is not intended for manual editing.
registry = "test"

[[package]]
name = "axp3cter/lync"
version = "2.3.3"
dependencies = []

[[package]]
name = "ddashdev/profilestore"
version = "1.0.4"
dependencies = []

[[package]]
name = "hakor/bloxiaframework"
version = "0.1.0"
dependencies = [["Fusion", "realdeedy/fusion@0.3.0"], ["Lync", "axp3cter/lync@2.3.3"], ["QuickZone", "ldgerrits/quickzone@1.4.6"], ["jecs", "ukendio/jecs@0.11.0"], ["ProfileStore", "ddashdev/profilestore@1.0.4"]]

[[package]]
name = "ldgerrits/quickzone"
version = "1.4.6"
dependencies = []

[[package]]
name = "realdeedy/fusion"
version = "0.3.0"
dependencies = []

[[package]]
name = "ukendio/jecs"
version = "0.11.0"
dependencies = []
